
Microsoft Visual Studio Solution File, Format Version 12.00
# Visual Studio Version 17
VisualStudioVersion = 17.4.32804.182
MinimumVisualStudioVersion = 10.0.40219.1
Project("{FAE04EC0-301F-11D3-BF4B-00C04F79EFBC}") = "LastEmployeeTest", "LastEmployeeTest\LastEmployeeTest.csproj", "{F030B123-BC31-4256-9DB6-3F0946A21E7E}"
EndProject
Global
	GlobalSection(SolutionConfigurationPlatforms) = preSolution
		Debug|Any CPU = Debug|Any CPU
		Release|Any CPU = Release|Any CPU
	EndGlobalSection
	GlobalSection(ProjectConfigurationPlatforms) = postSolution
		{F030B123-BC31-4256-9DB6-3F0946A21E7E}.Debug|Any CPU.ActiveCfg = Debug|Any CPU
		{F030B123-BC31-4256-9DB6-3F0946A21E7E}.Debug|Any CPU.Build.0 = Debug|Any CPU
		{F030B123-BC31-4256-9DB6-3F0946A21E7E}.Release|Any CPU.ActiveCfg = Release|Any CPU
		{F030B123-BC31-4256-9DB6-3F0946A21E7E}.Release|Any CPU.Build.0 = Release|Any CPU
	EndGlobalSection
	GlobalSection(SolutionProperties) = preSolution
		HideSolutionNode = FALSE
	EndGlobalSection
	GlobalSection(ExtensibilityGlobals) = postSolution
		SolutionGuid = {12DCFD9F-8075-49C8-B4D6-7CB7391F91B3}
	EndGlobalSection
EndGlobal
